
Microsoft Visual Studio Solution File, Format Version 12.00
# Visual Studio 14
VisualStudioVersion = 14.0.23107.0
MinimumVisualStudioVersion = 10.0.40219.1
Project("{2150E333-8FDC-42A3-9474-1A3956D46DE8}") = "Core", "Core", "{9D33B847-F615-464A-98C1-5A2C016E505F}"
EndProject
Project("{2150E333-8FDC-42A3-9474-1A3956D46DE8}") = "Business", "Business", "{E5062882-3BE3-45E9-8516-3A42AC4E9461}"
EndProject
Project("{2150E333-8FDC-42A3-9474-1A3956D46DE8}") = "Extend", "Extend", "{4C57BFB2-ABED-4422-9A92-86CFC694782C}"
EndProject
Project("{2150E333-8FDC-42A3-9474-1A3956D46DE8}") = "Extend", "Extend", "{89517239-ECC2-4BBB-8B27-5052C8FB8CBA}"
EndProject
Project("{E24C65DC-7377-472B-9ABA-BC803B73C61A}") = "WebApplication", "WebApplication", "{3A8A974E-E7CF-494E-8840-962459563193}"
	ProjectSection(WebsiteProperties) = preProject
		SccProjectName = "SAK"
		SccAuxPath = "SAK"
		SccLocalPath = "SAK"
		SccProvider = "SAK"
		TargetFrameworkMoniker = ".NETFramework,Version%3Dv4.7.2"
		ProjectReferences = "{eaadfd20-ac4b-4eda-a340-b939958da3e3}|eAgent.dll;{bee54cd4-0d22-4494-81af-c30baa1489b8}|eApvc.dll;{c5aa6398-a07c-41f5-83bf-bb7019c00d1c}|eBatch.dll;{37be667a-c9d0-469b-a9d6-4c70ce30c15d}|eBranches.dll;{1b959453-f837-42bf-9c91-9545238f4dbd}|eBudget.dll;{60287ac0-f351-44dd-a0c4-d2ba4df1b8ab}|eCashBank.dll;{cd9bbb88-bb9f-4d86-a7b7-66f86140e9ef}|eClaim.dll;{30582942-2df4-4212-ab9d-df0c18291aae}|eClient.dll;{ef68f326-e6a6-493b-a864-c43d2b642fe7}|eCollection.dll;{9be8c951-4d7a-4f71-9502-b238d108e68b}|eCoReinsuran.dll;{1280677b-aa59-41b0-9921-0c74b3e2f717}|eErrors.dll;{51144146-0360-4108-aad6-f5f1b8e7a7ec}|eFinance.dll;{cd9d885d-aac1-4b99-8009-f821df7d80ac}|eFunctions.dll;{67208fc2-fe0a-4d94-9fd0-28da643edf03}|eGeneral.dll;{05c3f80e-b222-41e4-bcf4-9ae774ba9ef9}|eGeneralForm.dll;{ef3e4d19-78a4-491f-ad23-edf3c516b20d}|eGeneralQue.dll;{fc04570c-65b9-43a5-aa8a-89bb9fcb85ba}|eInterface.dll;{8ace3ba9-27f4-4f64-b458-4c7b86639c6a}|eJobs.dll;{aa9cee20-19a5-4a0d-839c-e59bf5c1d430}|eLedge.dll;{87bfafa1-e39d-4e12-bc07-796beac4fce1}|eLetter.dll;{02bfc00c-5f33-405d-a307-064de8f8ddb8}|eMargin.dll;{3f23cffc-9789-4df1-9694-0b3a374f5140}|eNetFrameWork.dll;{61eefa29-e088-4179-85b6-b05a4346bfa9}|ePerformance.dll;{69aa7a27-5164-4a15-8824-3262a0850986}|ePolicy.dll;{e4ef1c50-30f8-4eb0-9d9c-8cfd624b6b0a}|eProduct.dll;{f2f93319-6253-4947-978b-47264ac5c6bb}|eReports.dll;{082cbbc0-7467-4e8e-9934-d8ab564888b4}|eSaapv.dll;{0e7697fe-09b8-48fb-ae42-333ccfae3c53}|eSchedule.dll;{313c7a89-276c-422c-a6e0-e1b3709ad869}|eSecurity.dll;{449b0067-4841-400d-9a73-cda34865e50f}|eTarif.dll;{719608cf-122b-432b-8029-a9a2b2cd2dc4}|eCrystalExport.dll;{4a827208-c6df-4b5b-a7b6-22252f08f803}|eRemoteDB.dll;"
		Debug.AspNetCompiler.VirtualPath = "/WebApplication"
		Debug.AspNetCompiler.PhysicalPath = "WebApplication\"
		Debug.AspNetCompiler.TargetPath = "PrecompiledWeb\WebApplication\"
		Debug.AspNetCompiler.Updateable = "true"
		Debug.AspNetCompiler.ForceOverwrite = "true"
		Debug.AspNetCompiler.FixedNames = "false"
		Debug.AspNetCompiler.Debug = "True"
		Release.AspNetCompiler.VirtualPath = "/WebApplication"
		Release.AspNetCompiler.PhysicalPath = "WebApplication\"
		Release.AspNetCompiler.TargetPath = "PrecompiledWeb\WebApplication\"
		Release.AspNetCompiler.Updateable = "true"
		Release.AspNetCompiler.ForceOverwrite = "true"
		Release.AspNetCompiler.FixedNames = "false"
		Release.AspNetCompiler.Debug = "False"
		VWDPort = "51779"
		VWDDynamicPort = "true"
		VWDVirtualPath = "/"
		DefaultWebSiteLanguage = "Visual Basic"
	EndProjectSection
	ProjectSection(ProjectDependencies) = postProject
		{4A827208-C6DF-4B5B-A7B6-22252F08F803} = {4A827208-C6DF-4B5B-A7B6-22252F08F803}
		{FC04570C-65B9-43A5-AA8A-89BB9FCB85BA} = {FC04570C-65B9-43A5-AA8A-89BB9FCB85BA}
		{02BFC00C-5F33-405D-A307-064DE8F8DDB8} = {02BFC00C-5F33-405D-A307-064DE8F8DDB8}
		{05C3F80E-B222-41E4-BCF4-9AE774BA9EF9} = {05C3F80E-B222-41E4-BCF4-9AE774BA9EF9}
		{F2F93319-6253-4947-978B-47264AC5C6BB} = {F2F93319-6253-4947-978B-47264AC5C6BB}
		{EF3E4D19-78A4-491F-AD23-EDF3C516B20D} = {EF3E4D19-78A4-491F-AD23-EDF3C516B20D}
		{AA9CEE20-19A5-4A0D-839C-E59BF5C1D430} = {AA9CEE20-19A5-4A0D-839C-E59BF5C1D430}
		{EAADFD20-AC4B-4EDA-A340-B939958DA3E3} = {EAADFD20-AC4B-4EDA-A340-B939958DA3E3}
		{EF68F326-E6A6-493B-A864-C43D2B642FE7} = {EF68F326-E6A6-493B-A864-C43D2B642FE7}
		{69AA7A27-5164-4A15-8824-3262A0850986} = {69AA7A27-5164-4A15-8824-3262A0850986}
		{61EEFA29-E088-4179-85B6-B05A4346BFA9} = {61EEFA29-E088-4179-85B6-B05A4346BFA9}
		{30582942-2DF4-4212-AB9D-DF0C18291AAE} = {30582942-2DF4-4212-AB9D-DF0C18291AAE}
		{51144146-0360-4108-AAD6-F5F1B8E7A7EC} = {51144146-0360-4108-AAD6-F5F1B8E7A7EC}
		{E4EF1C50-30F8-4EB0-9D9C-8CFD624B6B0A} = {E4EF1C50-30F8-4EB0-9D9C-8CFD624B6B0A}
		{9BE8C951-4D7A-4F71-9502-B238D108E68B} = {9BE8C951-4D7A-4F71-9502-B238D108E68B}
		{1B959453-F837-42BF-9C91-9545238F4DBD} = {1B959453-F837-42BF-9C91-9545238F4DBD}
		{CD9D885D-AAC1-4B99-8009-F821DF7D80AC} = {CD9D885D-AAC1-4B99-8009-F821DF7D80AC}
		{449B0067-4841-400D-9A73-CDA34865E50F} = {449B0067-4841-400D-9A73-CDA34865E50F}
		{37BE667A-C9D0-469B-A9D6-4C70CE30C15D} = {37BE667A-C9D0-469B-A9D6-4C70CE30C15D}
		{1280677B-AA59-41B0-9921-0C74B3E2F717} = {1280677B-AA59-41B0-9921-0C74B3E2F717}
		{CD9BBB88-BB9F-4D86-A7B7-66F86140E9EF} = {CD9BBB88-BB9F-4D86-A7B7-66F86140E9EF}
		{313C7A89-276C-422C-A6E0-E1B3709AD869} = {313C7A89-276C-422C-A6E0-E1B3709AD869}
		{C5AA6398-A07C-41F5-83BF-BB7019C00D1C} = {C5AA6398-A07C-41F5-83BF-BB7019C00D1C}
		{87BFAFA1-E39D-4E12-BC07-796BEAC4FCE1} = {87BFAFA1-E39D-4E12-BC07-796BEAC4FCE1}
		{8ACE3BA9-27F4-4F64-B458-4C7B86639C6A} = {8ACE3BA9-27F4-4F64-B458-4C7B86639C6A}
		{60287AC0-F351-44DD-A0C4-D2BA4DF1B8AB} = {60287AC0-F351-44DD-A0C4-D2BA4DF1B8AB}
		{082CBBC0-7467-4E8E-9934-D8AB564888B4} = {082CBBC0-7467-4E8E-9934-D8AB564888B4}
		{67208FC2-FE0A-4D94-9FD0-28DA643EDF03} = {67208FC2-FE0A-4D94-9FD0-28DA643EDF03}
		{719608CF-122B-432B-8029-A9A2B2CD2DC4} = {719608CF-122B-432B-8029-A9A2B2CD2DC4}
		{BEE54CD4-0D22-4494-81AF-C30BAA1489B8} = {BEE54CD4-0D22-4494-81AF-C30BAA1489B8}
		{3F23CFFC-9789-4DF1-9694-0B3A374F5140} = {3F23CFFC-9789-4DF1-9694-0B3A374F5140}
		{0E7697FE-09B8-48FB-AE42-333CCFAE3C53} = {0E7697FE-09B8-48FB-AE42-333CCFAE3C53}
	EndProjectSection
EndProject
Project("{F184B08F-C81C-45F6-A57F-5ABD9991F28F}") = "eRemoteDB", "Components\Core\eRemoteDB\eRemoteDB.vbproj", "{4A827208-C6DF-4B5B-A7B6-22252F08F803}"
EndProject
Project("{F184B08F-C81C-45F6-A57F-5ABD9991F28F}") = "eFunctions", "Components\Core\eFunctions\eFunctions.vbproj", "{CD9D885D-AAC1-4B99-8009-F821DF7D80AC}"
EndProject
Project("{F184B08F-C81C-45F6-A57F-5ABD9991F28F}") = "eErrors", "Components\Core\eErrors\eErrors.vbproj", "{1280677B-AA59-41B0-9921-0C74B3E2F717}"
EndProject
Project("{F184B08F-C81C-45F6-A57F-5ABD9991F28F}") = "eGeneral", "Components\Core\eGeneral\eGeneral.vbproj", "{67208FC2-FE0A-4D94-9FD0-28DA643EDF03}"
EndProject
Project("{F184B08F-C81C-45F6-A57F-5ABD9991F28F}") = "eNetFrameWork", "Components\Core\eNetFrameWork\eNetFrameWork.vbproj", "{3F23CFFC-9789-4DF1-9694-0B3A374F5140}"
EndProject
Project("{F184B08F-C81C-45F6-A57F-5ABD9991F28F}") = "eReports", "Components\Core\eReports\eReports.vbproj", "{F2F93319-6253-4947-978B-47264AC5C6BB}"
EndProject
Project("{F184B08F-C81C-45F6-A57F-5ABD9991F28F}") = "eSecurity", "Components\Core\eSecurity\eSecurity.vbproj", "{313C7A89-276C-422C-A6E0-E1B3709AD869}"
EndProject
Project("{F184B08F-C81C-45F6-A57F-5ABD9991F28F}") = "eJobs", "Components\Core\.Extend\eJobs\eJobs.vbproj", "{8ACE3BA9-27F4-4F64-B458-4C7B86639C6A}"
EndProject
Project("{F184B08F-C81C-45F6-A57F-5ABD9991F28F}") = "ePerformance", "Components\Core\.Extend\ePerformance\ePerformance.vbproj", "{61EEFA29-E088-4179-85B6-B05A4346BFA9}"
EndProject
Project("{F184B08F-C81C-45F6-A57F-5ABD9991F28F}") = "eSchedule", "Components\Core\.Extend\eSchedule\eSchedule.vbproj", "{0E7697FE-09B8-48FB-AE42-333CCFAE3C53}"
EndProject
Project("{F184B08F-C81C-45F6-A57F-5ABD9991F28F}") = "eAgent", "Components\Business\eAgent\eAgent.vbproj", "{EAADFD20-AC4B-4EDA-A340-B939958DA3E3}"
EndProject
Project("{F184B08F-C81C-45F6-A57F-5ABD9991F28F}") = "eBatch", "Components\Business\eBatch\eBatch.vbproj", "{C5AA6398-A07C-41F5-83BF-BB7019C00D1C}"
EndProject
Project("{F184B08F-C81C-45F6-A57F-5ABD9991F28F}") = "eBranches", "Components\Business\eBranches\eBranches.vbproj", "{37BE667A-C9D0-469B-A9D6-4C70CE30C15D}"
EndProject
Project("{F184B08F-C81C-45F6-A57F-5ABD9991F28F}") = "eBudget", "Components\Business\eBudget\eBudget.vbproj", "{1B959453-F837-42BF-9C91-9545238F4DBD}"
EndProject
Project("{F184B08F-C81C-45F6-A57F-5ABD9991F28F}") = "eCashBank", "Components\Business\eCashBank\eCashBank.vbproj", "{60287AC0-F351-44DD-A0C4-D2BA4DF1B8AB}"
EndProject
Project("{F184B08F-C81C-45F6-A57F-5ABD9991F28F}") = "eClaim", "Components\Business\eClaim\eClaim.vbproj", "{CD9BBB88-BB9F-4D86-A7B7-66F86140E9EF}"
EndProject
Project("{F184B08F-C81C-45F6-A57F-5ABD9991F28F}") = "eClient", "Components\Business\eClient\eClient.vbproj", "{30582942-2DF4-4212-AB9D-DF0C18291AAE}"
EndProject
Project("{F184B08F-C81C-45F6-A57F-5ABD9991F28F}") = "eCollection", "Components\Business\eCollection\eCollection.vbproj", "{EF68F326-E6A6-493B-A864-C43D2B642FE7}"
EndProject
Project("{F184B08F-C81C-45F6-A57F-5ABD9991F28F}") = "eCoReinsuran", "Components\Business\eCoReinsuran\eCoReinsuran.vbproj", "{9BE8C951-4D7A-4F71-9502-B238D108E68B}"
EndProject
Project("{F184B08F-C81C-45F6-A57F-5ABD9991F28F}") = "eFinance", "Components\Business\eFinance\eFinance.vbproj", "{51144146-0360-4108-AAD6-F5F1B8E7A7EC}"
EndProject
Project("{F184B08F-C81C-45F6-A57F-5ABD9991F28F}") = "eGeneralForm", "Components\Business\eGeneralForm\eGeneralForm.vbproj", "{05C3F80E-B222-41E4-BCF4-9AE774BA9EF9}"
EndProject
Project("{F184B08F-C81C-45F6-A57F-5ABD9991F28F}") = "eGeneralQue", "Components\Business\eGeneralQue\eGeneralQue.vbproj", "{EF3E4D19-78A4-491F-AD23-EDF3C516B20D}"
EndProject
Project("{F184B08F-C81C-45F6-A57F-5ABD9991F28F}") = "eLedge", "Components\Business\eLedge\eLedge.vbproj", "{AA9CEE20-19A5-4A0D-839C-E59BF5C1D430}"
EndProject
Project("{F184B08F-C81C-45F6-A57F-5ABD9991F28F}") = "eLetter", "Components\Business\eLetter\eLetter.vbproj", "{87BFAFA1-E39D-4E12-BC07-796BEAC4FCE1}"
EndProject
Project("{F184B08F-C81C-45F6-A57F-5ABD9991F28F}") = "eMargin", "Components\Business\eMargin\eMargin.vbproj", "{02BFC00C-5F33-405D-A307-064DE8F8DDB8}"
EndProject
Project("{F184B08F-C81C-45F6-A57F-5ABD9991F28F}") = "ePolicy", "Components\Business\ePolicy\ePolicy.vbproj", "{69AA7A27-5164-4A15-8824-3262A0850986}"
EndProject
Project("{F184B08F-C81C-45F6-A57F-5ABD9991F28F}") = "eProduct", "Components\Business\eProduct\eProduct.vbproj", "{E4EF1C50-30F8-4EB0-9D9C-8CFD624B6B0A}"
EndProject
Project("{F184B08F-C81C-45F6-A57F-5ABD9991F28F}") = "eApvc", "Components\Business\.Extend\eApvc\eApvc.vbproj", "{BEE54CD4-0D22-4494-81AF-C30BAA1489B8}"
EndProject
Project("{F184B08F-C81C-45F6-A57F-5ABD9991F28F}") = "eInterface", "Components\Business\.Extend\eInterface\eInterface.vbproj", "{FC04570C-65B9-43A5-AA8A-89BB9FCB85BA}"
EndProject
Project("{F184B08F-C81C-45F6-A57F-5ABD9991F28F}") = "eTarif", "Components\Business\.Extend\eTarif\eTarif.vbproj", "{449B0067-4841-400D-9A73-CDA34865E50F}"
EndProject
Project("{2150E333-8FDC-42A3-9474-1A3956D46DE8}") = "Components", "Components", "{FFF3440A-996A-4B76-B989-4E1E641D3061}"
EndProject
Project("{F184B08F-C81C-45F6-A57F-5ABD9991F28F}") = "eSaapv", "Components\Business\eSaapv\eSaapv.vbproj", "{082CBBC0-7467-4E8E-9934-D8AB564888B4}"
	ProjectSection(ProjectDependencies) = postProject
		{4A827208-C6DF-4B5B-A7B6-22252F08F803} = {4A827208-C6DF-4B5B-A7B6-22252F08F803}
		{CD9D885D-AAC1-4B99-8009-F821DF7D80AC} = {CD9D885D-AAC1-4B99-8009-F821DF7D80AC}
		{3F23CFFC-9789-4DF1-9694-0B3A374F5140} = {3F23CFFC-9789-4DF1-9694-0B3A374F5140}
	EndProjectSection
EndProject
Project("{2150E333-8FDC-42A3-9474-1A3956D46DE8}") = "Solution Items", "Solution Items", "{3D7E21CF-FCFD-4C30-B9D3-976728BF007A}"
	ProjectSection(SolutionItems) = preProject
		NuGet.Config = NuGet.Config
		WebApplication\packages.config = WebApplication\packages.config
	EndProjectSection
EndProject
Project("{2150E333-8FDC-42A3-9474-1A3956D46DE8}") = "Configuration", "Configuration", "{105F17BD-1F7D-46CE-90B3-778BD4D3CCB8}"
	ProjectSection(SolutionItems) = preProject
		Configuration\MultiCompany.cfg = Configuration\MultiCompany.cfg
		Configuration\VisualTIMEConfig.xml = Configuration\VisualTIMEConfig.xml
	EndProjectSection
EndProject
Project("{F184B08F-C81C-45F6-A57F-5ABD9991F28F}") = "eCrystalExport", "Components\Core\eCrystalExport\eCrystalExport.vbproj", "{719608CF-122B-432B-8029-A9A2B2CD2DC4}"
EndProject
Global
	GlobalSection(SolutionConfigurationPlatforms) = preSolution
		Debug|Any CPU = Debug|Any CPU
		Release|Any CPU = Release|Any CPU
	EndGlobalSection
	GlobalSection(ProjectConfigurationPlatforms) = postSolution
		{3A8A974E-E7CF-494E-8840-962459563193}.Debug|Any CPU.ActiveCfg = Debug|Any CPU
		{3A8A974E-E7CF-494E-8840-962459563193}.Release|Any CPU.ActiveCfg = Debug|Any CPU
		{4A827208-C6DF-4B5B-A7B6-22252F08F803}.Debug|Any CPU.ActiveCfg = Debug|Any CPU
		{4A827208-C6DF-4B5B-A7B6-22252F08F803}.Debug|Any CPU.Build.0 = Debug|Any CPU
		{4A827208-C6DF-4B5B-A7B6-22252F08F803}.Release|Any CPU.ActiveCfg = Debug|Any CPU
		{4A827208-C6DF-4B5B-A7B6-22252F08F803}.Release|Any CPU.Build.0 = Debug|Any CPU
		{CD9D885D-AAC1-4B99-8009-F821DF7D80AC}.Debug|Any CPU.ActiveCfg = Debug|Any CPU
		{CD9D885D-AAC1-4B99-8009-F821DF7D80AC}.Debug|Any CPU.Build.0 = Debug|Any CPU
		{CD9D885D-AAC1-4B99-8009-F821DF7D80AC}.Release|Any CPU.ActiveCfg = Debug|Any CPU
		{CD9D885D-AAC1-4B99-8009-F821DF7D80AC}.Release|Any CPU.Build.0 = Debug|Any CPU
		{1280677B-AA59-41B0-9921-0C74B3E2F717}.Debug|Any CPU.ActiveCfg = Debug|Any CPU
		{1280677B-AA59-41B0-9921-0C74B3E2F717}.Debug|Any CPU.Build.0 = Debug|Any CPU
		{1280677B-AA59-41B0-9921-0C74B3E2F717}.Release|Any CPU.ActiveCfg = Debug|Any CPU
		{1280677B-AA59-41B0-9921-0C74B3E2F717}.Release|Any CPU.Build.0 = Debug|Any CPU
		{67208FC2-FE0A-4D94-9FD0-28DA643EDF03}.Debug|Any CPU.ActiveCfg = Debug|Any CPU
		{67208FC2-FE0A-4D94-9FD0-28DA643EDF03}.Debug|Any CPU.Build.0 = Debug|Any CPU
		{67208FC2-FE0A-4D94-9FD0-28DA643EDF03}.Release|Any CPU.ActiveCfg = Debug|Any CPU
		{67208FC2-FE0A-4D94-9FD0-28DA643EDF03}.Release|Any CPU.Build.0 = Debug|Any CPU
		{3F23CFFC-9789-4DF1-9694-0B3A374F5140}.Debug|Any CPU.ActiveCfg = Debug|Any CPU
		{3F23CFFC-9789-4DF1-9694-0B3A374F5140}.Debug|Any CPU.Build.0 = Debug|Any CPU
		{3F23CFFC-9789-4DF1-9694-0B3A374F5140}.Release|Any CPU.ActiveCfg = Debug|Any CPU
		{3F23CFFC-9789-4DF1-9694-0B3A374F5140}.Release|Any CPU.Build.0 = Debug|Any CPU
		{F2F93319-6253-4947-978B-47264AC5C6BB}.Debug|Any CPU.ActiveCfg = Debug|Any CPU
		{F2F93319-6253-4947-978B-47264AC5C6BB}.Debug|Any CPU.Build.0 = Debug|Any CPU
		{F2F93319-6253-4947-978B-47264AC5C6BB}.Release|Any CPU.ActiveCfg = Debug|Any CPU
		{F2F93319-6253-4947-978B-47264AC5C6BB}.Release|Any CPU.Build.0 = Debug|Any CPU
		{313C7A89-276C-422C-A6E0-E1B3709AD869}.Debug|Any CPU.ActiveCfg = Debug|Any CPU
		{313C7A89-276C-422C-A6E0-E1B3709AD869}.Debug|Any CPU.Build.0 = Debug|Any CPU
		{313C7A89-276C-422C-A6E0-E1B3709AD869}.Release|Any CPU.ActiveCfg = Debug|Any CPU
		{313C7A89-276C-422C-A6E0-E1B3709AD869}.Release|Any CPU.Build.0 = Debug|Any CPU
		{8ACE3BA9-27F4-4F64-B458-4C7B86639C6A}.Debug|Any CPU.ActiveCfg = Debug|Any CPU
		{8ACE3BA9-27F4-4F64-B458-4C7B86639C6A}.Debug|Any CPU.Build.0 = Debug|Any CPU
		{8ACE3BA9-27F4-4F64-B458-4C7B86639C6A}.Release|Any CPU.ActiveCfg = Debug|Any CPU
		{8ACE3BA9-27F4-4F64-B458-4C7B86639C6A}.Release|Any CPU.Build.0 = Debug|Any CPU
		{61EEFA29-E088-4179-85B6-B05A4346BFA9}.Debug|Any CPU.ActiveCfg = Debug|Any CPU
		{61EEFA29-E088-4179-85B6-B05A4346BFA9}.Debug|Any CPU.Build.0 = Debug|Any CPU
		{61EEFA29-E088-4179-85B6-B05A4346BFA9}.Release|Any CPU.ActiveCfg = Debug|Any CPU
		{61EEFA29-E088-4179-85B6-B05A4346BFA9}.Release|Any CPU.Build.0 = Debug|Any CPU
		{0E7697FE-09B8-48FB-AE42-333CCFAE3C53}.Debug|Any CPU.ActiveCfg = Debug|Any CPU
		{0E7697FE-09B8-48FB-AE42-333CCFAE3C53}.Debug|Any CPU.Build.0 = Debug|Any CPU
		{0E7697FE-09B8-48FB-AE42-333CCFAE3C53}.Release|Any CPU.ActiveCfg = Debug|Any CPU
		{0E7697FE-09B8-48FB-AE42-333CCFAE3C53}.Release|Any CPU.Build.0 = Debug|Any CPU
		{EAADFD20-AC4B-4EDA-A340-B939958DA3E3}.Debug|Any CPU.ActiveCfg = Debug|Any CPU
		{EAADFD20-AC4B-4EDA-A340-B939958DA3E3}.Debug|Any CPU.Build.0 = Debug|Any CPU
		{EAADFD20-AC4B-4EDA-A340-B939958DA3E3}.Release|Any CPU.ActiveCfg = Debug|Any CPU
		{EAADFD20-AC4B-4EDA-A340-B939958DA3E3}.Release|Any CPU.Build.0 = Debug|Any CPU
		{C5AA6398-A07C-41F5-83BF-BB7019C00D1C}.Debug|Any CPU.ActiveCfg = Debug|Any CPU
		{C5AA6398-A07C-41F5-83BF-BB7019C00D1C}.Debug|Any CPU.Build.0 = Debug|Any CPU
		{C5AA6398-A07C-41F5-83BF-BB7019C00D1C}.Release|Any CPU.ActiveCfg = Debug|Any CPU
		{C5AA6398-A07C-41F5-83BF-BB7019C00D1C}.Release|Any CPU.Build.0 = Debug|Any CPU
		{37BE667A-C9D0-469B-A9D6-4C70CE30C15D}.Debug|Any CPU.ActiveCfg = Debug|Any CPU
		{37BE667A-C9D0-469B-A9D6-4C70CE30C15D}.Debug|Any CPU.Build.0 = Debug|Any CPU
		{37BE667A-C9D0-469B-A9D6-4C70CE30C15D}.Release|Any CPU.ActiveCfg = Debug|Any CPU
		{37BE667A-C9D0-469B-A9D6-4C70CE30C15D}.Release|Any CPU.Build.0 = Debug|Any CPU
		{1B959453-F837-42BF-9C91-9545238F4DBD}.Debug|Any CPU.ActiveCfg = Debug|Any CPU
		{1B959453-F837-42BF-9C91-9545238F4DBD}.Debug|Any CPU.Build.0 = Debug|Any CPU
		{1B959453-F837-42BF-9C91-9545238F4DBD}.Release|Any CPU.ActiveCfg = Debug|Any CPU
		{1B959453-F837-42BF-9C91-9545238F4DBD}.Release|Any CPU.Build.0 = Debug|Any CPU
		{60287AC0-F351-44DD-A0C4-D2BA4DF1B8AB}.Debug|Any CPU.ActiveCfg = Debug|Any CPU
		{60287AC0-F351-44DD-A0C4-D2BA4DF1B8AB}.Debug|Any CPU.Build.0 = Debug|Any CPU
		{60287AC0-F351-44DD-A0C4-D2BA4DF1B8AB}.Release|Any CPU.ActiveCfg = Debug|Any CPU
		{60287AC0-F351-44DD-A0C4-D2BA4DF1B8AB}.Release|Any CPU.Build.0 = Debug|Any CPU
		{CD9BBB88-BB9F-4D86-A7B7-66F86140E9EF}.Debug|Any CPU.ActiveCfg = Debug|Any CPU
		{CD9BBB88-BB9F-4D86-A7B7-66F86140E9EF}.Debug|Any CPU.Build.0 = Debug|Any CPU
		{CD9BBB88-BB9F-4D86-A7B7-66F86140E9EF}.Release|Any CPU.ActiveCfg = Debug|Any CPU
		{CD9BBB88-BB9F-4D86-A7B7-66F86140E9EF}.Release|Any CPU.Build.0 = Debug|Any CPU
		{30582942-2DF4-4212-AB9D-DF0C18291AAE}.Debug|Any CPU.ActiveCfg = Debug|Any CPU
		{30582942-2DF4-4212-AB9D-DF0C18291AAE}.Debug|Any CPU.Build.0 = Debug|Any CPU
		{30582942-2DF4-4212-AB9D-DF0C18291AAE}.Release|Any CPU.ActiveCfg = Debug|Any CPU
		{30582942-2DF4-4212-AB9D-DF0C18291AAE}.Release|Any CPU.Build.0 = Debug|Any CPU
		{EF68F326-E6A6-493B-A864-C43D2B642FE7}.Debug|Any CPU.ActiveCfg = Debug|Any CPU
		{EF68F326-E6A6-493B-A864-C43D2B642FE7}.Debug|Any CPU.Build.0 = Debug|Any CPU
		{EF68F326-E6A6-493B-A864-C43D2B642FE7}.Release|Any CPU.ActiveCfg = Debug|Any CPU
		{EF68F326-E6A6-493B-A864-C43D2B642FE7}.Release|Any CPU.Build.0 = Debug|Any CPU
		{9BE8C951-4D7A-4F71-9502-B238D108E68B}.Debug|Any CPU.ActiveCfg = Debug|Any CPU
		{9BE8C951-4D7A-4F71-9502-B238D108E68B}.Debug|Any CPU.Build.0 = Debug|Any CPU
		{9BE8C951-4D7A-4F71-9502-B238D108E68B}.Release|Any CPU.ActiveCfg = Debug|Any CPU
		{9BE8C951-4D7A-4F71-9502-B238D108E68B}.Release|Any CPU.Build.0 = Debug|Any CPU
		{51144146-0360-4108-AAD6-F5F1B8E7A7EC}.Debug|Any CPU.ActiveCfg = Debug|Any CPU
		{51144146-0360-4108-AAD6-F5F1B8E7A7EC}.Debug|Any CPU.Build.0 = Debug|Any CPU
		{51144146-0360-4108-AAD6-F5F1B8E7A7EC}.Release|Any CPU.ActiveCfg = Debug|Any CPU
		{51144146-0360-4108-AAD6-F5F1B8E7A7EC}.Release|Any CPU.Build.0 = Debug|Any CPU
		{05C3F80E-B222-41E4-BCF4-9AE774BA9EF9}.Debug|Any CPU.ActiveCfg = Debug|Any CPU
		{05C3F80E-B222-41E4-BCF4-9AE774BA9EF9}.Debug|Any CPU.Build.0 = Debug|Any CPU
		{05C3F80E-B222-41E4-BCF4-9AE774BA9EF9}.Release|Any CPU.ActiveCfg = Debug|Any CPU
		{05C3F80E-B222-41E4-BCF4-9AE774BA9EF9}.Release|Any CPU.Build.0 = Debug|Any CPU
		{EF3E4D19-78A4-491F-AD23-EDF3C516B20D}.Debug|Any CPU.ActiveCfg = Debug|Any CPU
		{EF3E4D19-78A4-491F-AD23-EDF3C516B20D}.Debug|Any CPU.Build.0 = Debug|Any CPU
		{EF3E4D19-78A4-491F-AD23-EDF3C516B20D}.Release|Any CPU.ActiveCfg = Debug|Any CPU
		{EF3E4D19-78A4-491F-AD23-EDF3C516B20D}.Release|Any CPU.Build.0 = Debug|Any CPU
		{AA9CEE20-19A5-4A0D-839C-E59BF5C1D430}.Debug|Any CPU.ActiveCfg = Debug|Any CPU
		{AA9CEE20-19A5-4A0D-839C-E59BF5C1D430}.Debug|Any CPU.Build.0 = Debug|Any CPU
		{AA9CEE20-19A5-4A0D-839C-E59BF5C1D430}.Release|Any CPU.ActiveCfg = Debug|Any CPU
		{AA9CEE20-19A5-4A0D-839C-E59BF5C1D430}.Release|Any CPU.Build.0 = Debug|Any CPU
		{87BFAFA1-E39D-4E12-BC07-796BEAC4FCE1}.Debug|Any CPU.ActiveCfg = Debug|Any CPU
		{87BFAFA1-E39D-4E12-BC07-796BEAC4FCE1}.Debug|Any CPU.Build.0 = Debug|Any CPU
		{87BFAFA1-E39D-4E12-BC07-796BEAC4FCE1}.Release|Any CPU.ActiveCfg = Debug|Any CPU
		{87BFAFA1-E39D-4E12-BC07-796BEAC4FCE1}.Release|Any CPU.Build.0 = Debug|Any CPU
		{02BFC00C-5F33-405D-A307-064DE8F8DDB8}.Debug|Any CPU.ActiveCfg = Debug|Any CPU
		{02BFC00C-5F33-405D-A307-064DE8F8DDB8}.Debug|Any CPU.Build.0 = Debug|Any CPU
		{02BFC00C-5F33-405D-A307-064DE8F8DDB8}.Release|Any CPU.ActiveCfg = Debug|Any CPU
		{02BFC00C-5F33-405D-A307-064DE8F8DDB8}.Release|Any CPU.Build.0 = Debug|Any CPU
		{69AA7A27-5164-4A15-8824-3262A0850986}.Debug|Any CPU.ActiveCfg = Debug|Any CPU
		{69AA7A27-5164-4A15-8824-3262A0850986}.Debug|Any CPU.Build.0 = Debug|Any CPU
		{69AA7A27-5164-4A15-8824-3262A0850986}.Release|Any CPU.ActiveCfg = Debug|Any CPU
		{69AA7A27-5164-4A15-8824-3262A0850986}.Release|Any CPU.Build.0 = Debug|Any CPU
		{E4EF1C50-30F8-4EB0-9D9C-8CFD624B6B0A}.Debug|Any CPU.ActiveCfg = Debug|Any CPU
		{E4EF1C50-30F8-4EB0-9D9C-8CFD624B6B0A}.Debug|Any CPU.Build.0 = Debug|Any CPU
		{E4EF1C50-30F8-4EB0-9D9C-8CFD624B6B0A}.Release|Any CPU.ActiveCfg = Debug|Any CPU
		{E4EF1C50-30F8-4EB0-9D9C-8CFD624B6B0A}.Release|Any CPU.Build.0 = Debug|Any CPU
		{BEE54CD4-0D22-4494-81AF-C30BAA1489B8}.Debug|Any CPU.ActiveCfg = Debug|Any CPU
		{BEE54CD4-0D22-4494-81AF-C30BAA1489B8}.Debug|Any CPU.Build.0 = Debug|Any CPU
		{BEE54CD4-0D22-4494-81AF-C30BAA1489B8}.Release|Any CPU.ActiveCfg = Debug|Any CPU
		{BEE54CD4-0D22-4494-81AF-C30BAA1489B8}.Release|Any CPU.Build.0 = Debug|Any CPU
		{FC04570C-65B9-43A5-AA8A-89BB9FCB85BA}.Debug|Any CPU.ActiveCfg = Debug|Any CPU
		{FC04570C-65B9-43A5-AA8A-89BB9FCB85BA}.Debug|Any CPU.Build.0 = Debug|Any CPU
		{FC04570C-65B9-43A5-AA8A-89BB9FCB85BA}.Release|Any CPU.ActiveCfg = Debug|Any CPU
		{FC04570C-65B9-43A5-AA8A-89BB9FCB85BA}.Release|Any CPU.Build.0 = Debug|Any CPU
		{449B0067-4841-400D-9A73-CDA34865E50F}.Debug|Any CPU.ActiveCfg = Debug|Any CPU
		{449B0067-4841-400D-9A73-CDA34865E50F}.Debug|Any CPU.Build.0 = Debug|Any CPU
		{449B0067-4841-400D-9A73-CDA34865E50F}.Release|Any CPU.ActiveCfg = Debug|Any CPU
		{449B0067-4841-400D-9A73-CDA34865E50F}.Release|Any CPU.Build.0 = Debug|Any CPU
		{082CBBC0-7467-4E8E-9934-D8AB564888B4}.Debug|Any CPU.ActiveCfg = Debug|Any CPU
		{082CBBC0-7467-4E8E-9934-D8AB564888B4}.Debug|Any CPU.Build.0 = Debug|Any CPU
		{082CBBC0-7467-4E8E-9934-D8AB564888B4}.Release|Any CPU.ActiveCfg = Debug|Any CPU
		{082CBBC0-7467-4E8E-9934-D8AB564888B4}.Release|Any CPU.Build.0 = Debug|Any CPU
		{719608CF-122B-432B-8029-A9A2B2CD2DC4}.Debug|Any CPU.ActiveCfg = Debug|Any CPU
		{719608CF-122B-432B-8029-A9A2B2CD2DC4}.Debug|Any CPU.Build.0 = Debug|Any CPU
		{719608CF-122B-432B-8029-A9A2B2CD2DC4}.Release|Any CPU.ActiveCfg = Debug|Any CPU
		{719608CF-122B-432B-8029-A9A2B2CD2DC4}.Release|Any CPU.Build.0 = Debug|Any CPU
	EndGlobalSection
	GlobalSection(SolutionProperties) = preSolution
		HideSolutionNode = FALSE
	EndGlobalSection
	GlobalSection(NestedProjects) = preSolution
		{9D33B847-F615-464A-98C1-5A2C016E505F} = {FFF3440A-996A-4B76-B989-4E1E641D3061}
		{E5062882-3BE3-45E9-8516-3A42AC4E9461} = {FFF3440A-996A-4B76-B989-4E1E641D3061}
		{4C57BFB2-ABED-4422-9A92-86CFC694782C} = {E5062882-3BE3-45E9-8516-3A42AC4E9461}
		{89517239-ECC2-4BBB-8B27-5052C8FB8CBA} = {9D33B847-F615-464A-98C1-5A2C016E505F}
		{4A827208-C6DF-4B5B-A7B6-22252F08F803} = {9D33B847-F615-464A-98C1-5A2C016E505F}
		{CD9D885D-AAC1-4B99-8009-F821DF7D80AC} = {9D33B847-F615-464A-98C1-5A2C016E505F}
		{1280677B-AA59-41B0-9921-0C74B3E2F717} = {9D33B847-F615-464A-98C1-5A2C016E505F}
		{67208FC2-FE0A-4D94-9FD0-28DA643EDF03} = {9D33B847-F615-464A-98C1-5A2C016E505F}
		{3F23CFFC-9789-4DF1-9694-0B3A374F5140} = {9D33B847-F615-464A-98C1-5A2C016E505F}
		{F2F93319-6253-4947-978B-47264AC5C6BB} = {9D33B847-F615-464A-98C1-5A2C016E505F}
		{313C7A89-276C-422C-A6E0-E1B3709AD869} = {9D33B847-F615-464A-98C1-5A2C016E505F}
		{8ACE3BA9-27F4-4F64-B458-4C7B86639C6A} = {89517239-ECC2-4BBB-8B27-5052C8FB8CBA}
		{61EEFA29-E088-4179-85B6-B05A4346BFA9} = {89517239-ECC2-4BBB-8B27-5052C8FB8CBA}
		{0E7697FE-09B8-48FB-AE42-333CCFAE3C53} = {89517239-ECC2-4BBB-8B27-5052C8FB8CBA}
		{EAADFD20-AC4B-4EDA-A340-B939958DA3E3} = {E5062882-3BE3-45E9-8516-3A42AC4E9461}
		{C5AA6398-A07C-41F5-83BF-BB7019C00D1C} = {E5062882-3BE3-45E9-8516-3A42AC4E9461}
		{37BE667A-C9D0-469B-A9D6-4C70CE30C15D} = {E5062882-3BE3-45E9-8516-3A42AC4E9461}
		{1B959453-F837-42BF-9C91-9545238F4DBD} = {E5062882-3BE3-45E9-8516-3A42AC4E9461}
		{60287AC0-F351-44DD-A0C4-D2BA4DF1B8AB} = {E5062882-3BE3-45E9-8516-3A42AC4E9461}
		{CD9BBB88-BB9F-4D86-A7B7-66F86140E9EF} = {E5062882-3BE3-45E9-8516-3A42AC4E9461}
		{30582942-2DF4-4212-AB9D-DF0C18291AAE} = {E5062882-3BE3-45E9-8516-3A42AC4E9461}
		{EF68F326-E6A6-493B-A864-C43D2B642FE7} = {E5062882-3BE3-45E9-8516-3A42AC4E9461}
		{9BE8C951-4D7A-4F71-9502-B238D108E68B} = {E5062882-3BE3-45E9-8516-3A42AC4E9461}
		{51144146-0360-4108-AAD6-F5F1B8E7A7EC} = {E5062882-3BE3-45E9-8516-3A42AC4E9461}
		{05C3F80E-B222-41E4-BCF4-9AE774BA9EF9} = {E5062882-3BE3-45E9-8516-3A42AC4E9461}
		{EF3E4D19-78A4-491F-AD23-EDF3C516B20D} = {E5062882-3BE3-45E9-8516-3A42AC4E9461}
		{AA9CEE20-19A5-4A0D-839C-E59BF5C1D430} = {E5062882-3BE3-45E9-8516-3A42AC4E9461}
		{87BFAFA1-E39D-4E12-BC07-796BEAC4FCE1} = {E5062882-3BE3-45E9-8516-3A42AC4E9461}
		{02BFC00C-5F33-405D-A307-064DE8F8DDB8} = {E5062882-3BE3-45E9-8516-3A42AC4E9461}
		{69AA7A27-5164-4A15-8824-3262A0850986} = {E5062882-3BE3-45E9-8516-3A42AC4E9461}
		{E4EF1C50-30F8-4EB0-9D9C-8CFD624B6B0A} = {E5062882-3BE3-45E9-8516-3A42AC4E9461}
		{BEE54CD4-0D22-4494-81AF-C30BAA1489B8} = {4C57BFB2-ABED-4422-9A92-86CFC694782C}
		{FC04570C-65B9-43A5-AA8A-89BB9FCB85BA} = {4C57BFB2-ABED-4422-9A92-86CFC694782C}
		{449B0067-4841-400D-9A73-CDA34865E50F} = {4C57BFB2-ABED-4422-9A92-86CFC694782C}
		{082CBBC0-7467-4E8E-9934-D8AB564888B4} = {E5062882-3BE3-45E9-8516-3A42AC4E9461}
		{719608CF-122B-432B-8029-A9A2B2CD2DC4} = {9D33B847-F615-464A-98C1-5A2C016E505F}
	EndGlobalSection
	GlobalSection(ExtensibilityGlobals) = postSolution
		SolutionGuid = {E23F2949-59D9-4583-B68F-2BC9B75FB355}
	EndGlobalSection
EndGlobal
